
Microsoft Visual Studio Solution File, Format Version 12.00
# Visual Studio 2013
VisualStudioVersion = 12.0.31101.0
MinimumVisualStudioVersion = 10.0.40219.1
Project("{8BC9CEB8-8B4A-11D0-8D11-00A0C91BC942}") = "tut001FizzBuzzWoof1", "tut001FizzBuzzWoof1\tut001FizzBuzzWoof1.vcxproj", "{20E73693-2E6B-4A3B-A3BD-E5569D15E14C}"
EndProject
Global
	GlobalSection(SolutionConfigurationPlatforms) = preSolution
		Debug|Win32 = Debug|Win32
		Release|Win32 = Release|Win32
	EndGlobalSection
	GlobalSection(ProjectConfigurationPlatforms) = postSolution
		{20E73693-2E6B-4A3B-A3BD-E5569D15E14C}.Debug|Win32.ActiveCfg = Debug|Win32
		{20E73693-2E6B-4A3B-A3BD-E5569D15E14C}.Debug|Win32.Build.0 = Debug|Win32
		{20E73693-2E6B-4A3B-A3BD-E5569D15E14C}.Release|Win32.ActiveCfg = Release|Win32
		{20E73693-2E6B-4A3B-A3BD-E5569D15E14C}.Release|Win32.Build.0 = Release|Win32
	EndGlobalSection
	GlobalSection(SolutionProperties) = preSolution
		HideSolutionNode = FALSE
	EndGlobalSection
EndGlobal
